// !$*UTF8*$!
{
	archiveVersion = 1;
	classes = {
	};
	objectVersion = 56;
	objects = {

/* Begin PBXBuildFile section */
		20C7DFCD94F443F9ACAB32BA /* StudentAgentApp.swift in Sources */ = {isa = PBXBuildFile; fileRef = 8518A50A2F094A04A425DB1D /* StudentAgentApp.swift */; };
		90CFB0C05F2F4A3695150B2C /* Secrets.swift in Sources */ = {isa = PBXBuildFile; fileRef = 6C6F6A6F32494EB691710539 /* Secrets.swift */; };
		7D26E850312E4EF78D71A777 /* CalendarAction.swift in Sources */ = {isa = PBXBuildFile; fileRef = 80ECECE5E6504CFA9CAB5A92 /* CalendarAction.swift */; };
		E3F2720A68F54E43886DCBE4 /* ChatMessage.swift in Sources */ = {isa = PBXBuildFile; fileRef = 7B39E2A192B54B87ADC5E616 /* ChatMessage.swift */; };
		7CAD4365384F4521A35DC4FF /* EmailItem.swift in Sources */ = {isa = PBXBuildFile; fileRef = 409906D2330A42F290BC6CCB /* EmailItem.swift */; };
		D9D5986F782D487881B8ED9F /* AgentOrchestrator.swift in Sources */ = {isa = PBXBuildFile; fileRef = 3508DC05A5AB4F089BF06603 /* AgentOrchestrator.swift */; };
		24A69D39BAE24172A64155E7 /* BackupService.swift in Sources */ = {isa = PBXBuildFile; fileRef = 1B0684ECFBE741FB973548A2 /* BackupService.swift */; };
		EC66EC12F9E3471DAE05D1C7 /* ChatStorage.swift in Sources */ = {isa = PBXBuildFile; fileRef = A1F46D2055B44FDB9B9178EF /* ChatStorage.swift */; };
		920C899CDF6848639EA2F605 /* DebugLogger.swift in Sources */ = {isa = PBXBuildFile; fileRef = 1A63ECFA28154951A2FB897E /* DebugLogger.swift */; };
		95B414490CA94DA0894BF8A5 /* DeepSeekService.swift in Sources */ = {isa = PBXBuildFile; fileRef = D533923882B0420DAC9C7CB6 /* DeepSeekService.swift */; };
		0F081E3B52E4461C99DC0386 /* EmailServiceProtocol.swift in Sources */ = {isa = PBXBuildFile; fileRef = CC329A2D6AD543289AB72EB6 /* EmailServiceProtocol.swift */; };
		0D002493FD9840CFA73E6A2A /* EventKitService.swift in Sources */ = {isa = PBXBuildFile; fileRef = AD4AC793556A4918B0CC560A /* EventKitService.swift */; };
		7B33E7BE8C5249F6A233C24E /* GmailService.swift in Sources */ = {isa = PBXBuildFile; fileRef = 413839687473432A806A5813 /* GmailService.swift */; };
		C7504E11033B43759557AA4F /* OutlookService.swift in Sources */ = {isa = PBXBuildFile; fileRef = 0770B851D69344819A655316 /* OutlookService.swift */; };
		A70DD1664B9B4AD5AF1A6860 /* GrokTheme.swift in Sources */ = {isa = PBXBuildFile; fileRef = 2BA4CBEDD3914FE28589359A /* GrokTheme.swift */; };
		0C13C808558C4BE9BA451D14 /* ChatView.swift in Sources */ = {isa = PBXBuildFile; fileRef = 28F8A3E30A2C448596B16F68 /* ChatView.swift */; };
		26037E7E4782408C9CD00522 /* ActionCardView.swift in Sources */ = {isa = PBXBuildFile; fileRef = A84F6E6EB9F446C2853878AD /* ActionCardView.swift */; };
		63676594604343A8B40F0310 /* EmailDigestView.swift in Sources */ = {isa = PBXBuildFile; fileRef = 5B1C80C212BF4BAEA9C4BE6D /* EmailDigestView.swift */; };
		EF7BE285B4224298BCB349E5 /* GrokPromptBar.swift in Sources */ = {isa = PBXBuildFile; fileRef = 44A86F21F4C04909AF84D81E /* GrokPromptBar.swift */; };
		6C23779F8F5F4653BB29B003 /* GrokThinkingPill.swift in Sources */ = {isa = PBXBuildFile; fileRef = 12D4593A12D04FA1AF14EE95 /* GrokThinkingPill.swift */; };
		93746B71A6C64EEFAE3117B0 /* MessageBubbleView.swift in Sources */ = {isa = PBXBuildFile; fileRef = DCC70DB1DE3841C7B5D3A099 /* MessageBubbleView.swift */; };
		DD38E3DFFB40498FA16547EE /* ContentView.swift in Sources */ = {isa = PBXBuildFile; fileRef = FE459BBF5DFD41E982C2E4BC /* ContentView.swift */; };
		6A2E538E178B450FB0A2D691 /* DebugLogsView.swift in Sources */ = {isa = PBXBuildFile; fileRef = 7098309970AC4D2DABE59FB0 /* DebugLogsView.swift */; };
		7D13F7C6291A401CAA76C414 /* SettingsView.swift in Sources */ = {isa = PBXBuildFile; fileRef = 911D5ACEAEF540F0AA232A21 /* SettingsView.swift */; };
/* End PBXBuildFile section */

/* Begin PBXFileReference section */
		8518A50A2F094A04A425DB1D /* StudentAgentApp.swift */ = {isa = PBXFileReference; lastKnownFileType = sourcecode.swift; path = "StudentAgent/App/StudentAgentApp.swift"; sourceTree = "<group>"; };
		6C6F6A6F32494EB691710539 /* Secrets.swift */ = {isa = PBXFileReference; lastKnownFileType = sourcecode.swift; path = "StudentAgent/Config/Secrets.swift"; sourceTree = "<group>"; };
		80ECECE5E6504CFA9CAB5A92 /* CalendarAction.swift */ = {isa = PBXFileReference; lastKnownFileType = sourcecode.swift; path = "StudentAgent/Models/CalendarAction.swift"; sourceTree = "<group>"; };
		7B39E2A192B54B87ADC5E616 /* ChatMessage.swift */ = {isa = PBXFileReference; lastKnownFileType = sourcecode.swift; path = "StudentAgent/Models/ChatMessage.swift"; sourceTree = "<group>"; };
		409906D2330A42F290BC6CCB /* EmailItem.swift */ = {isa = PBXFileReference; lastKnownFileType = sourcecode.swift; path = "StudentAgent/Models/EmailItem.swift"; sourceTree = "<group>"; };
		C74306857F9E4BAE99A79DD6 /* Info.plist */ = {isa = PBXFileReference; lastKnownFileType = text.plist.xml; path = "StudentAgent/Resources/Info.plist"; sourceTree = "<group>"; };
		3508DC05A5AB4F089BF06603 /* AgentOrchestrator.swift */ = {isa = PBXFileReference; lastKnownFileType = sourcecode.swift; path = "StudentAgent/Services/AgentOrchestrator.swift"; sourceTree = "<group>"; };
		1B0684ECFBE741FB973548A2 /* BackupService.swift */ = {isa = PBXFileReference; lastKnownFileType = sourcecode.swift; path = "StudentAgent/Services/BackupService.swift"; sourceTree = "<group>"; };
		A1F46D2055B44FDB9B9178EF /* ChatStorage.swift */ = {isa = PBXFileReference; lastKnownFileType = sourcecode.swift; path = "StudentAgent/Services/ChatStorage.swift"; sourceTree = "<group>"; };
		1A63ECFA28154951A2FB897E /* DebugLogger.swift */ = {isa = PBXFileReference; lastKnownFileType = sourcecode.swift; path = "StudentAgent/Services/DebugLogger.swift"; sourceTree = "<group>"; };
		D533923882B0420DAC9C7CB6 /* DeepSeekService.swift */ = {isa = PBXFileReference; lastKnownFileType = sourcecode.swift; path = "StudentAgent/Services/DeepSeekService.swift"; sourceTree = "<group>"; };
		CC329A2D6AD543289AB72EB6 /* EmailServiceProtocol.swift */ = {isa = PBXFileReference; lastKnownFileType = sourcecode.swift; path = "StudentAgent/Services/EmailServiceProtocol.swift"; sourceTree = "<group>"; };
		AD4AC793556A4918B0CC560A /* EventKitService.swift */ = {isa = PBXFileReference; lastKnownFileType = sourcecode.swift; path = "StudentAgent/Services/EventKitService.swift"; sourceTree = "<group>"; };
		413839687473432A806A5813 /* GmailService.swift */ = {isa = PBXFileReference; lastKnownFileType = sourcecode.swift; path = "StudentAgent/Services/GmailService.swift"; sourceTree = "<group>"; };
		0770B851D69344819A655316 /* OutlookService.swift */ = {isa = PBXFileReference; lastKnownFileType = sourcecode.swift; path = "StudentAgent/Services/OutlookService.swift"; sourceTree = "<group>"; };
		2BA4CBEDD3914FE28589359A /* GrokTheme.swift */ = {isa = PBXFileReference; lastKnownFileType = sourcecode.swift; path = "StudentAgent/Theme/GrokTheme.swift"; sourceTree = "<group>"; };
		28F8A3E30A2C448596B16F68 /* ChatView.swift */ = {isa = PBXFileReference; lastKnownFileType = sourcecode.swift; path = "StudentAgent/Views/ChatView.swift"; sourceTree = "<group>"; };
		A84F6E6EB9F446C2853878AD /* ActionCardView.swift */ = {isa = PBXFileReference; lastKnownFileType = sourcecode.swift; path = "StudentAgent/Views/Components/ActionCardView.swift"; sourceTree = "<group>"; };
		5B1C80C212BF4BAEA9C4BE6D /* EmailDigestView.swift */ = {isa = PBXFileReference; lastKnownFileType = sourcecode.swift; path = "StudentAgent/Views/Components/EmailDigestView.swift"; sourceTree = "<group>"; };
		44A86F21F4C04909AF84D81E /* GrokPromptBar.swift */ = {isa = PBXFileReference; lastKnownFileType = sourcecode.swift; path = "StudentAgent/Views/Components/GrokPromptBar.swift"; sourceTree = "<group>"; };
		12D4593A12D04FA1AF14EE95 /* GrokThinkingPill.swift */ = {isa = PBXFileReference; lastKnownFileType = sourcecode.swift; path = "StudentAgent/Views/Components/GrokThinkingPill.swift"; sourceTree = "<group>"; };
		DCC70DB1DE3841C7B5D3A099 /* MessageBubbleView.swift */ = {isa = PBXFileReference; lastKnownFileType = sourcecode.swift; path = "StudentAgent/Views/Components/MessageBubbleView.swift"; sourceTree = "<group>"; };
		FE459BBF5DFD41E982C2E4BC /* ContentView.swift */ = {isa = PBXFileReference; lastKnownFileType = sourcecode.swift; path = "StudentAgent/Views/ContentView.swift"; sourceTree = "<group>"; };
		7098309970AC4D2DABE59FB0 /* DebugLogsView.swift */ = {isa = PBXFileReference; lastKnownFileType = sourcecode.swift; path = "StudentAgent/Views/DebugLogsView.swift"; sourceTree = "<group>"; };
		911D5ACEAEF540F0AA232A21 /* SettingsView.swift */ = {isa = PBXFileReference; lastKnownFileType = sourcecode.swift; path = "StudentAgent/Views/SettingsView.swift"; sourceTree = "<group>"; };
		42B16AC3305C4E749A18B8C5 /* StudentAgent.app */ = {isa = PBXFileReference; explicitFileType = wrapper.application; includeInIndex = 0; path = StudentAgent.app; sourceTree = BUILT_PRODUCTS_DIR; };
/* End PBXFileReference section */

/* Begin PBXFrameworksBuildPhase section */
		55A32FFEAD234017A66CE74A /* Frameworks */ = {
			isa = PBXFrameworksBuildPhase;
			buildActionMask = 2147483647;
			files = (
			);
			runOnlyForDeploymentPostprocessing = 0;
		};
/* End PBXFrameworksBuildPhase section */

/* Begin PBXGroup section */
		5068DC79DE6648ECA4A2891C /* Products */ = {
			isa = PBXGroup;
			children = (
				42B16AC3305C4E749A18B8C5 /* StudentAgent.app */,
			);
			name = Products;
			sourceTree = "<group>";
		};
		EF6E9C84B07444D3B22F6D8D = {
			isa = PBXGroup;
			children = (
				5068DC79DE6648ECA4A2891C /* Products */,
				8518A50A2F094A04A425DB1D /* StudentAgentApp.swift */,
				6C6F6A6F32494EB691710539 /* Secrets.swift */,
				80ECECE5E6504CFA9CAB5A92 /* CalendarAction.swift */,
				7B39E2A192B54B87ADC5E616 /* ChatMessage.swift */,
				409906D2330A42F290BC6CCB /* EmailItem.swift */,
				C74306857F9E4BAE99A79DD6 /* Info.plist */,
				3508DC05A5AB4F089BF06603 /* AgentOrchestrator.swift */,
				1B0684ECFBE741FB973548A2 /* BackupService.swift */,
				A1F46D2055B44FDB9B9178EF /* ChatStorage.swift */,
				1A63ECFA28154951A2FB897E /* DebugLogger.swift */,
				D533923882B0420DAC9C7CB6 /* DeepSeekService.swift */,
				CC329A2D6AD543289AB72EB6 /* EmailServiceProtocol.swift */,
				AD4AC793556A4918B0CC560A /* EventKitService.swift */,
				413839687473432A806A5813 /* GmailService.swift */,
				0770B851D69344819A655316 /* OutlookService.swift */,
				2BA4CBEDD3914FE28589359A /* GrokTheme.swift */,
				28F8A3E30A2C448596B16F68 /* ChatView.swift */,
				A84F6E6EB9F446C2853878AD /* ActionCardView.swift */,
				5B1C80C212BF4BAEA9C4BE6D /* EmailDigestView.swift */,
				44A86F21F4C04909AF84D81E /* GrokPromptBar.swift */,
				12D4593A12D04FA1AF14EE95 /* GrokThinkingPill.swift */,
				DCC70DB1DE3841C7B5D3A099 /* MessageBubbleView.swift */,
				FE459BBF5DFD41E982C2E4BC /* ContentView.swift */,
				7098309970AC4D2DABE59FB0 /* DebugLogsView.swift */,
				911D5ACEAEF540F0AA232A21 /* SettingsView.swift */,
			);
			sourceTree = "<group>";
		};
/* End PBXGroup section */

/* Begin PBXNativeTarget section */
		051E70D5F1F74589B569A3B0 /* StudentAgent */ = {
			isa = PBXNativeTarget;
			buildConfigurationList = B629FAD0C4F64FE889161BD3 /* Build configuration list for PBXNativeTarget "StudentAgent" */;
			buildPhases = (
				4B40A7A3EEFE4333A0BFF36A /* Sources */,
				55A32FFEAD234017A66CE74A /* Frameworks */,
				B307465B9E92414485EEEA90 /* Resources */,
			);
			buildRules = (
			);
			dependencies = (
			);
			name = StudentAgent;
			productName = StudentAgent;
			productReference = 42B16AC3305C4E749A18B8C5 /* StudentAgent.app */;
			productType = "com.apple.product-type.application";
		};
/* End PBXNativeTarget section */

/* Begin PBXProject section */
		69308F17EADA42B0A171754E /* Project object */ = {
			isa = PBXProject;
			attributes = {
				BuildIndependentTargetsInParallel = 1;
				LastSwiftUpdateCheck = 1500;
				LastUpgradeCheck = 1500;
				TargetAttributes = {
					051E70D5F1F74589B569A3B0 = {
						CreatedOnToolsVersion = 15.0;
					};
				};
			};
			buildConfigurationList = EDC4EB37C1DE42E1BD5990C6 /* Build configuration list for PBXProject "StudentAgent" */;
			compatibilityVersion = "Xcode 14.0";
			developmentRegion = en;
			hasScannedForEncodings = 0;
			knownRegions = (
				en,
				Base,
			);
			mainGroup = EF6E9C84B07444D3B22F6D8D;
			productRefGroup = 5068DC79DE6648ECA4A2891C /* Products */;
			projectDirPath = "";
			projectRoot = "";
			targets = (
				051E70D5F1F74589B569A3B0 /* StudentAgent */,
			);
		};
/* End PBXProject section */

/* Begin PBXResourcesBuildPhase section */
		B307465B9E92414485EEEA90 /* Resources */ = {
			isa = PBXResourcesBuildPhase;
			buildActionMask = 2147483647;
			files = (
			);
			runOnlyForDeploymentPostprocessing = 0;
		};
/* End PBXResourcesBuildPhase section */

/* Begin PBXSourcesBuildPhase section */
		4B40A7A3EEFE4333A0BFF36A /* Sources */ = {
			isa = PBXSourcesBuildPhase;
			buildActionMask = 2147483647;
			files = (
				20C7DFCD94F443F9ACAB32BA /* StudentAgentApp.swift in Sources */,
				90CFB0C05F2F4A3695150B2C /* Secrets.swift in Sources */,
				7D26E850312E4EF78D71A777 /* CalendarAction.swift in Sources */,
				E3F2720A68F54E43886DCBE4 /* ChatMessage.swift in Sources */,
				7CAD4365384F4521A35DC4FF /* EmailItem.swift in Sources */,
				D9D5986F782D487881B8ED9F /* AgentOrchestrator.swift in Sources */,
				24A69D39BAE24172A64155E7 /* BackupService.swift in Sources */,
				EC66EC12F9E3471DAE05D1C7 /* ChatStorage.swift in Sources */,
				920C899CDF6848639EA2F605 /* DebugLogger.swift in Sources */,
				95B414490CA94DA0894BF8A5 /* DeepSeekService.swift in Sources */,
				0F081E3B52E4461C99DC0386 /* EmailServiceProtocol.swift in Sources */,
				0D002493FD9840CFA73E6A2A /* EventKitService.swift in Sources */,
				7B33E7BE8C5249F6A233C24E /* GmailService.swift in Sources */,
				C7504E11033B43759557AA4F /* OutlookService.swift in Sources */,
				A70DD1664B9B4AD5AF1A6860 /* GrokTheme.swift in Sources */,
				0C13C808558C4BE9BA451D14 /* ChatView.swift in Sources */,
				26037E7E4782408C9CD00522 /* ActionCardView.swift in Sources */,
				63676594604343A8B40F0310 /* EmailDigestView.swift in Sources */,
				EF7BE285B4224298BCB349E5 /* GrokPromptBar.swift in Sources */,
				6C23779F8F5F4653BB29B003 /* GrokThinkingPill.swift in Sources */,
				93746B71A6C64EEFAE3117B0 /* MessageBubbleView.swift in Sources */,
				DD38E3DFFB40498FA16547EE /* ContentView.swift in Sources */,
				6A2E538E178B450FB0A2D691 /* DebugLogsView.swift in Sources */,
				7D13F7C6291A401CAA76C414 /* SettingsView.swift in Sources */,
			);
			runOnlyForDeploymentPostprocessing = 0;
		};
/* End PBXSourcesBuildPhase section */

/* Begin XCBuildConfiguration section */
		0ED5CAA0642A4C328E9AE552 /* Debug */ = {
			isa = XCBuildConfiguration;
			buildSettings = {
				ALWAYS_SEARCH_USER_PATHS = NO;
				CLANG_ANALYZER_NONNULL = YES;
				CLANG_CXX_LANGUAGE_STANDARD = "gnu++20";
				CLANG_ENABLE_MODULES = YES;
				CLANG_ENABLE_OBJC_ARC = YES;
				COPY_PHASE_STRIP = NO;
				DEBUG_INFORMATION_FORMAT = dwarf;
				ENABLE_STRICT_OBJC_MSGSEND = YES;
				ENABLE_TESTABILITY = YES;
				GCC_DYNAMIC_NO_PIC = NO;
				GCC_OPTIMIZATION_LEVEL = 0;
				GCC_PREPROCESSOR_DEFINITIONS = (
					"DEBUG=1",
					"$(inherited)",
				);
				IPHONEOS_DEPLOYMENT_TARGET = 17.0;
				MTL_ENABLE_DEBUG_INFO = INCLUDE_SOURCE;
				MTL_FAST_MATH = YES;
				ONLY_ACTIVE_ARCH = YES;
				SDKROOT = iphoneos;
				SWIFT_ACTIVE_COMPILATION_CONDITIONS = "DEBUG $(inherited)";
				SWIFT_OPTIMIZATION_LEVEL = "-Onone";
				SWIFT_VERSION = 5.0;
			};
			name = Debug;
		};
		00F71CDA95E64DE4AE2B1FB2 /* Release */ = {
			isa = XCBuildConfiguration;
			buildSettings = {
				ALWAYS_SEARCH_USER_PATHS = NO;
				CLANG_ANALYZER_NONNULL = YES;
				CLANG_CXX_LANGUAGE_STANDARD = "gnu++20";
				CLANG_ENABLE_MODULES = YES;
				CLANG_ENABLE_OBJC_ARC = YES;
				COPY_PHASE_STRIP = NO;
				DEBUG_INFORMATION_FORMAT = "dwarf-with-dsym";
				ENABLE_NS_ASSERTIONS = NO;
				ENABLE_STRICT_OBJC_MSGSEND = YES;
				GCC_OPTIMIZATION_LEVEL = s;
				IPHONEOS_DEPLOYMENT_TARGET = 17.0;
				MTL_ENABLE_DEBUG_INFO = NO;
				MTL_FAST_MATH = YES;
				SDKROOT = iphoneos;
				SWIFT_COMPILATION_MODE = wholemodule;
				SWIFT_OPTIMIZATION_LEVEL = "-O";
				SWIFT_VERSION = 5.0;
				VALIDATE_PRODUCT = YES;
			};
			name = Release;
		};
		CF97611E9CDE49F5913C951C /* Debug */ = {
			isa = XCBuildConfiguration;
			buildSettings = {
				ASSETCATALOG_COMPILER_APPICON_NAME = AppIcon;
				CODE_SIGN_STYLE = Automatic;
				CURRENT_PROJECT_VERSION = 1;
				DEVELOPMENT_TEAM = 3JB47XFYY5;
				GENERATE_INFOPLIST_FILE = NO;
				INFOPLIST_FILE = StudentAgent/Resources/Info.plist;
				LD_RUNPATH_SEARCH_PATHS = (
					"$(inherited)",
					"@executable_path/Frameworks",
				);
				MARKETING_VERSION = 1.0;
				PRODUCT_BUNDLE_IDENTIFIER = com.jaychauhan.studentagent;
				PRODUCT_NAME = "$(TARGET_NAME)";
				SWIFT_EMIT_LOC_STRINGS = YES;
				TARGETED_DEVICE_FAMILY = "1,2";
			};
			name = Debug;
		};
		065F34E9A9F749A88436BFAC /* Release */ = {
			isa = XCBuildConfiguration;
			buildSettings = {
				ASSETCATALOG_COMPILER_APPICON_NAME = AppIcon;
				CODE_SIGN_STYLE = Automatic;
				CURRENT_PROJECT_VERSION = 1;
				DEVELOPMENT_TEAM = 3JB47XFYY5;
				GENERATE_INFOPLIST_FILE = NO;
				INFOPLIST_FILE = StudentAgent/Resources/Info.plist;
				LD_RUNPATH_SEARCH_PATHS = (
					"$(inherited)",
					"@executable_path/Frameworks",
				);
				MARKETING_VERSION = 1.0;
				PRODUCT_BUNDLE_IDENTIFIER = com.jaychauhan.studentagent;
				PRODUCT_NAME = "$(TARGET_NAME)";
				SWIFT_EMIT_LOC_STRINGS = YES;
				TARGETED_DEVICE_FAMILY = "1,2";
			};
			name = Release;
		};
/* End XCBuildConfiguration section */

/* Begin XCConfigurationList section */
		EDC4EB37C1DE42E1BD5990C6 /* Build configuration list for PBXProject "StudentAgent" */ = {
			isa = XCConfigurationList;
			buildConfigurations = (
				0ED5CAA0642A4C328E9AE552 /* Debug */,
				00F71CDA95E64DE4AE2B1FB2 /* Release */,
			);
			defaultConfigurationIsVisible = 0;
			defaultConfigurationName = Release;
		};
		B629FAD0C4F64FE889161BD3 /* Build configuration list for PBXNativeTarget "StudentAgent" */ = {
			isa = XCConfigurationList;
			buildConfigurations = (
				CF97611E9CDE49F5913C951C /* Debug */,
				065F34E9A9F749A88436BFAC /* Release */,
			);
			defaultConfigurationIsVisible = 0;
			defaultConfigurationName = Release;
		};
/* End XCConfigurationList section */

	};
	rootObject = 69308F17EADA42B0A171754E /* Project object */;
}
